
Microsoft Visual Studio Solution File, Format Version 12.00
# Visual Studio Version 17
VisualStudioVersion = 17.14.36203.30 d17.14
MinimumVisualStudioVersion = 10.0.40219.1
Project("{FAE04EC0-301F-11D3-BF4B-00C04F79EFBC}") = "ASPCRUD", "ASPCRUD\ASPCRUD.csproj", "{000E6A4F-8ADD-46AC-823B-CC3C51B7D53F}"
EndProject
Global
	GlobalSection(SolutionConfigurationPlatforms) = preSolution
		Debug|Any CPU = Debug|Any CPU
		Release|Any CPU = Release|Any CPU
	EndGlobalSection
	GlobalSection(ProjectConfigurationPlatforms) = postSolution
		{000E6A4F-8ADD-46AC-823B-CC3C51B7D53F}.Debug|Any CPU.ActiveCfg = Debug|Any CPU
		{000E6A4F-8ADD-46AC-823B-CC3C51B7D53F}.Debug|Any CPU.Build.0 = Debug|Any CPU
		{000E6A4F-8ADD-46AC-823B-CC3C51B7D53F}.Release|Any CPU.ActiveCfg = Release|Any CPU
		{000E6A4F-8ADD-46AC-823B-CC3C51B7D53F}.Release|Any CPU.Build.0 = Release|Any CPU
	EndGlobalSection
	GlobalSection(SolutionProperties) = preSolution
		HideSolutionNode = FALSE
	EndGlobalSection
	GlobalSection(ExtensibilityGlobals) = postSolution
		SolutionGuid = {2035F6E5-F4FD-4CA6-BA20-EB849B9109FF}
	EndGlobalSection
EndGlobal
